
Microsoft Visual Studio Solution File, Format Version 12.00
# Visual Studio Version 16
VisualStudioVersion = 16.0.29324.140
MinimumVisualStudioVersion = 10.0.40219.1
Project("{FAE04EC0-301F-11D3-BF4B-00C04F79EFBC}") = "WebApiApp", "WebApiApp\WebApiApp.csproj", "{0BE6FC5C-66A3-46E2-9556-8F37F2586999}"
EndProject
Global
	GlobalSection(SolutionConfigurationPlatforms) = preSolution
		Debug|Any CPU = Debug|Any CPU
		Release|Any CPU = Release|Any CPU
	EndGlobalSection
	GlobalSection(ProjectConfigurationPlatforms) = postSolution
		{0BE6FC5C-66A3-46E2-9556-8F37F2586999}.Debug|Any CPU.ActiveCfg = Debug|Any CPU
		{0BE6FC5C-66A3-46E2-9556-8F37F2586999}.Debug|Any CPU.Build.0 = Debug|Any CPU
		{0BE6FC5C-66A3-46E2-9556-8F37F2586999}.Release|Any CPU.ActiveCfg = Release|Any CPU
		{0BE6FC5C-66A3-46E2-9556-8F37F2586999}.Release|Any CPU.Build.0 = Release|Any CPU
	EndGlobalSection
	GlobalSection(SolutionProperties) = preSolution
		HideSolutionNode = FALSE
	EndGlobalSection
	GlobalSection(ExtensibilityGlobals) = postSolution
		SolutionGuid = {A2BFE560-F9F0-4966-9913-1CE1E93299C9}
	EndGlobalSection
EndGlobal
